
Microsoft Visual Studio Solution File, Format Version 12.00
# Visual Studio Version 16
VisualStudioVersion = 16.0.30717.126
MinimumVisualStudioVersion = 10.0.40219.1
Project("{9A19103F-16F7-4668-BE54-9A1E7A4F7556}") = "BitsBrewers", "BitsBrewers\BitsBrewers.csproj", "{E571ED3A-6507-4B05-98B4-53B539DB7D03}"
EndProject
Project("{9A19103F-16F7-4668-BE54-9A1E7A4F7556}") = "BitsBrewersUnitTests", "BitsBrewersUnitTests\BitsBrewersUnitTests.csproj", "{0E988EFA-EFFB-4B92-8859-ABE0A3DE3446}"
EndProject
Project("{FAE04EC0-301F-11D3-BF4B-00C04F79EFBC}") = "BitsRESTfulAPI", "BitsRESTfulAPI\BitsRESTfulAPI.csproj", "{6BCCB6C2-0DDD-495D-876D-72AAEFB699E5}"
EndProject
Global
	GlobalSection(SolutionConfigurationPlatforms) = preSolution
		Debug|Any CPU = Debug|Any CPU
		Release|Any CPU = Release|Any CPU
	EndGlobalSection
	GlobalSection(ProjectConfigurationPlatforms) = postSolution
		{E571ED3A-6507-4B05-98B4-53B539DB7D03}.Debug|Any CPU.ActiveCfg = Debug|Any CPU
		{E571ED3A-6507-4B05-98B4-53B539DB7D03}.Debug|Any CPU.Build.0 = Debug|Any CPU
		{E571ED3A-6507-4B05-98B4-53B539DB7D03}.Release|Any CPU.ActiveCfg = Release|Any CPU
		{E571ED3A-6507-4B05-98B4-53B539DB7D03}.Release|Any CPU.Build.0 = Release|Any CPU
		{0E988EFA-EFFB-4B92-8859-ABE0A3DE3446}.Debug|Any CPU.ActiveCfg = Debug|Any CPU
		{0E988EFA-EFFB-4B92-8859-ABE0A3DE3446}.Debug|Any CPU.Build.0 = Debug|Any CPU
		{0E988EFA-EFFB-4B92-8859-ABE0A3DE3446}.Release|Any CPU.ActiveCfg = Release|Any CPU
		{0E988EFA-EFFB-4B92-8859-ABE0A3DE3446}.Release|Any CPU.Build.0 = Release|Any CPU
		{6BCCB6C2-0DDD-495D-876D-72AAEFB699E5}.Debug|Any CPU.ActiveCfg = Debug|Any CPU
		{6BCCB6C2-0DDD-495D-876D-72AAEFB699E5}.Debug|Any CPU.Build.0 = Debug|Any CPU
		{6BCCB6C2-0DDD-495D-876D-72AAEFB699E5}.Release|Any CPU.ActiveCfg = Release|Any CPU
		{6BCCB6C2-0DDD-495D-876D-72AAEFB699E5}.Release|Any CPU.Build.0 = Release|Any CPU
	EndGlobalSection
	GlobalSection(SolutionProperties) = preSolution
		HideSolutionNode = FALSE
	EndGlobalSection
	GlobalSection(ExtensibilityGlobals) = postSolution
		SolutionGuid = {39B93DB4-BAB2-4E98-BBDE-90AB0F646323}
	EndGlobalSection
EndGlobal
